
Microsoft Visual Studio Solution File, Format Version 12.00
# Visual Studio Version 17
VisualStudioVersion = 17.8.34330.188
MinimumVisualStudioVersion = 10.0.40219.1
Project("{9A19103F-16F7-4668-BE54-9A1E7A4F7556}") = "DrivingSchoolManagementSystem", "DrivingSchoolManagementSystem\DrivingSchoolManagementSystem.csproj", "{AFF6BE7D-F8D9-4654-A41E-372852319826}"
EndProject
Global
	GlobalSection(SolutionConfigurationPlatforms) = preSolution
		Debug|Any CPU = Debug|Any CPU
		Release|Any CPU = Release|Any CPU
	EndGlobalSection
	GlobalSection(ProjectConfigurationPlatforms) = postSolution
		{AFF6BE7D-F8D9-4654-A41E-372852319826}.Debug|Any CPU.ActiveCfg = Debug|Any CPU
		{AFF6BE7D-F8D9-4654-A41E-372852319826}.Debug|Any CPU.Build.0 = Debug|Any CPU
		{AFF6BE7D-F8D9-4654-A41E-372852319826}.Release|Any CPU.ActiveCfg = Release|Any CPU
		{AFF6BE7D-F8D9-4654-A41E-372852319826}.Release|Any CPU.Build.0 = Release|Any CPU
	EndGlobalSection
	GlobalSection(SolutionProperties) = preSolution
		HideSolutionNode = FALSE
	EndGlobalSection
	GlobalSection(ExtensibilityGlobals) = postSolution
		SolutionGuid = {7396D324-196D-4B0C-AE63-45F8BE504500}
	EndGlobalSection
EndGlobal
